
Microsoft Visual Studio Solution File, Format Version 12.00
Project("{FAE04EC0-301F-11D3-BF4B-00C04F79EFBC}") = "PrzykladoweKolokwium", "PrzykladoweKolokwium\PrzykladoweKolokwium.csproj", "{D59BC25C-1419-481C-8F1D-9C4BEA9645E9}"
EndProject
Global
	GlobalSection(SolutionConfigurationPlatforms) = preSolution
		Debug|Any CPU = Debug|Any CPU
		Release|Any CPU = Release|Any CPU
	EndGlobalSection
	GlobalSection(ProjectConfigurationPlatforms) = postSolution
		{D59BC25C-1419-481C-8F1D-9C4BEA9645E9}.Debug|Any CPU.ActiveCfg = Debug|Any CPU
		{D59BC25C-1419-481C-8F1D-9C4BEA9645E9}.Debug|Any CPU.Build.0 = Debug|Any CPU
		{D59BC25C-1419-481C-8F1D-9C4BEA9645E9}.Release|Any CPU.ActiveCfg = Release|Any CPU
		{D59BC25C-1419-481C-8F1D-9C4BEA9645E9}.Release|Any CPU.Build.0 = Release|Any CPU
	EndGlobalSection
EndGlobal
